
Microsoft Visual Studio Solution File, Format Version 12.00
# Visual Studio Version 17
VisualStudioVersion = 17.8.34322.80
MinimumVisualStudioVersion = 10.0.40219.1
Project("{FAE04EC0-301F-11D3-BF4B-00C04F79EFBC}") = "BookStore", "BookStore\BookStore.csproj", "{50C9BD93-A453-4519-A0FF-1CA1E0BCA924}"
EndProject
Project("{FAE04EC0-301F-11D3-BF4B-00C04F79EFBC}") = "BookStore.Tests", "BookStore.Tests\BookStore.Tests.csproj", "{CE97086F-EEBA-4C87-B30F-383F9E24B199}"
EndProject
Global
	GlobalSection(SolutionConfigurationPlatforms) = preSolution
		Debug|Any CPU = Debug|Any CPU
		Release|Any CPU = Release|Any CPU
	EndGlobalSection
	GlobalSection(ProjectConfigurationPlatforms) = postSolution
		{50C9BD93-A453-4519-A0FF-1CA1E0BCA924}.Debug|Any CPU.ActiveCfg = Debug|Any CPU
		{50C9BD93-A453-4519-A0FF-1CA1E0BCA924}.Debug|Any CPU.Build.0 = Debug|Any CPU
		{50C9BD93-A453-4519-A0FF-1CA1E0BCA924}.Release|Any CPU.ActiveCfg = Release|Any CPU
		{50C9BD93-A453-4519-A0FF-1CA1E0BCA924}.Release|Any CPU.Build.0 = Release|Any CPU
		{CE97086F-EEBA-4C87-B30F-383F9E24B199}.Debug|Any CPU.ActiveCfg = Debug|Any CPU
		{CE97086F-EEBA-4C87-B30F-383F9E24B199}.Debug|Any CPU.Build.0 = Debug|Any CPU
		{CE97086F-EEBA-4C87-B30F-383F9E24B199}.Release|Any CPU.ActiveCfg = Release|Any CPU
		{CE97086F-EEBA-4C87-B30F-383F9E24B199}.Release|Any CPU.Build.0 = Release|Any CPU
	EndGlobalSection
	GlobalSection(SolutionProperties) = preSolution
		HideSolutionNode = FALSE
	EndGlobalSection
	GlobalSection(ExtensibilityGlobals) = postSolution
		SolutionGuid = {32E904A5-1790-488C-A864-5C30C5158BD5}
	EndGlobalSection
EndGlobal
